{
  "name": "cs50reactnative-01",
  "version": "1.0.0",
  "lockfileVersion": 1,
  "requires": true,
  "dependencies": {
    "react-native-safe-area-context": {
      "version": "3.3.0",
      "resolved": "https://registry.npmjs.org/react-native-safe-area-context/-/react-native-safe-area-context-3.3.0.tgz",
      "integrity": "sha512-IrCNx56LO9RJ75yCf2CSSO1ceLj3mvxTAF+HWnehaeRIfF4pIcIn3WEUlXulFiha641OKS5X0+1XZCbbQ7pITA=="
    },
    "react-native-screens": {
      "version": "3.5.0",
      "resolved": "https://registry.npmjs.org/react-native-screens/-/react-native-screens-3.5.0.tgz",
      "integrity": "sha512-xew4x0YX0RaDduNYM4gZXkphPwGZIbbu9fTU85xOtT1tOUPm3OU4pFMiN6PF54haMCsaMQRvdOXvLicUVRiptA==",
      "requires": {
        "warn-once": "^0.1.0"
      }
    },
    "warn-once": {
      "version": "0.1.0",
      "resolved": "https://registry.npmjs.org/warn-once/-/warn-once-0.1.0.tgz",
      "integrity": "sha512-recZTSvuaH/On5ZU5ywq66y99lImWqzP93+AiUo9LUwG8gXHW+LJjhOd6REJHm7qb0niYqrEQJvbHSQfuJtTqA=="
    }
  }
}
